
Microsoft Visual Studio Solution File, Format Version 12.00
# Visual Studio Version 17
VisualStudioVersion = 17.13.35931.197 d17.13
MinimumVisualStudioVersion = 10.0.40219.1
Project("{FAE04EC0-301F-11D3-BF4B-00C04F79EFBC}") = "mvc_bitirme_projesi", "mvc_bitirme_projesi\mvc_bitirme_projesi.csproj", "{5EAF4C00-E85E-4CDC-BE34-25720B8AE2B7}"
EndProject
Global
	GlobalSection(SolutionConfigurationPlatforms) = preSolution
		Debug|Any CPU = Debug|Any CPU
		Release|Any CPU = Release|Any CPU
	EndGlobalSection
	GlobalSection(ProjectConfigurationPlatforms) = postSolution
		{5EAF4C00-E85E-4CDC-BE34-25720B8AE2B7}.Debug|Any CPU.ActiveCfg = Debug|Any CPU
		{5EAF4C00-E85E-4CDC-BE34-25720B8AE2B7}.Debug|Any CPU.Build.0 = Debug|Any CPU
		{5EAF4C00-E85E-4CDC-BE34-25720B8AE2B7}.Release|Any CPU.ActiveCfg = Release|Any CPU
		{5EAF4C00-E85E-4CDC-BE34-25720B8AE2B7}.Release|Any CPU.Build.0 = Release|Any CPU
	EndGlobalSection
	GlobalSection(SolutionProperties) = preSolution
		HideSolutionNode = FALSE
	EndGlobalSection
	GlobalSection(ExtensibilityGlobals) = postSolution
		SolutionGuid = {9E631C9F-AEA0-42B2-8E10-286E24146E66}
	EndGlobalSection
EndGlobal
